
Microsoft Visual Studio Solution File, Format Version 12.00
# Visual Studio Version 16
VisualStudioVersion = 16.0.29123.88
MinimumVisualStudioVersion = 10.0.40219.1
Project("{FAE04EC0-301F-11D3-BF4B-00C04F79EFBC}") = "SimpleWindow", "SimpleWindow\SimpleWindow.csproj", "{3CD48FCF-B306-41B9-A519-53E44BB8ABDD}"
EndProject
Global
	GlobalSection(SolutionConfigurationPlatforms) = preSolution
		Debug|Any CPU = Debug|Any CPU
		Release|Any CPU = Release|Any CPU
	EndGlobalSection
	GlobalSection(ProjectConfigurationPlatforms) = postSolution
		{3CD48FCF-B306-41B9-A519-53E44BB8ABDD}.Debug|Any CPU.ActiveCfg = Debug|Any CPU
		{3CD48FCF-B306-41B9-A519-53E44BB8ABDD}.Debug|Any CPU.Build.0 = Debug|Any CPU
		{3CD48FCF-B306-41B9-A519-53E44BB8ABDD}.Release|Any CPU.ActiveCfg = Release|Any CPU
		{3CD48FCF-B306-41B9-A519-53E44BB8ABDD}.Release|Any CPU.Build.0 = Release|Any CPU
	EndGlobalSection
	GlobalSection(SolutionProperties) = preSolution
		HideSolutionNode = FALSE
	EndGlobalSection
	GlobalSection(ExtensibilityGlobals) = postSolution
		SolutionGuid = {F210BFD4-EAEF-459D-A731-6805771C2F97}
	EndGlobalSection
EndGlobal
