
Microsoft Visual Studio Solution File, Format Version 12.00
# Visual Studio Version 16
VisualStudioVersion = 16.0.30413.136
MinimumVisualStudioVersion = 10.0.40219.1
Project("{FAE04EC0-301F-11D3-BF4B-00C04F79EFBC}") = "MultiInterfaceInheritance", "MultiInterfaceInheritance\MultiInterfaceInheritance.csproj", "{44DF37DE-5D9F-477C-87C2-3532E2FCA5CE}"
EndProject
Global
	GlobalSection(SolutionConfigurationPlatforms) = preSolution
		Debug|Any CPU = Debug|Any CPU
		Release|Any CPU = Release|Any CPU
	EndGlobalSection
	GlobalSection(ProjectConfigurationPlatforms) = postSolution
		{44DF37DE-5D9F-477C-87C2-3532E2FCA5CE}.Debug|Any CPU.ActiveCfg = Debug|Any CPU
		{44DF37DE-5D9F-477C-87C2-3532E2FCA5CE}.Debug|Any CPU.Build.0 = Debug|Any CPU
		{44DF37DE-5D9F-477C-87C2-3532E2FCA5CE}.Release|Any CPU.ActiveCfg = Release|Any CPU
		{44DF37DE-5D9F-477C-87C2-3532E2FCA5CE}.Release|Any CPU.Build.0 = Release|Any CPU
	EndGlobalSection
	GlobalSection(SolutionProperties) = preSolution
		HideSolutionNode = FALSE
	EndGlobalSection
	GlobalSection(ExtensibilityGlobals) = postSolution
		SolutionGuid = {1F27B9FC-7200-4D6F-A66B-A293E7F189AE}
	EndGlobalSection
EndGlobal
