
Microsoft Visual Studio Solution File, Format Version 12.00
# Visual Studio Version 16
VisualStudioVersion = 16.0.29123.88
MinimumVisualStudioVersion = 10.0.40219.1
Project("{FAE04EC0-301F-11D3-BF4B-00C04F79EFBC}") = "ThisConstructor", "ThisConstructor\ThisConstructor.csproj", "{C462D504-EE66-4511-BF10-E5191C884598}"
EndProject
Global
	GlobalSection(SolutionConfigurationPlatforms) = preSolution
		Debug|Any CPU = Debug|Any CPU
		Release|Any CPU = Release|Any CPU
	EndGlobalSection
	GlobalSection(ProjectConfigurationPlatforms) = postSolution
		{C462D504-EE66-4511-BF10-E5191C884598}.Debug|Any CPU.ActiveCfg = Debug|Any CPU
		{C462D504-EE66-4511-BF10-E5191C884598}.Debug|Any CPU.Build.0 = Debug|Any CPU
		{C462D504-EE66-4511-BF10-E5191C884598}.Release|Any CPU.ActiveCfg = Release|Any CPU
		{C462D504-EE66-4511-BF10-E5191C884598}.Release|Any CPU.Build.0 = Release|Any CPU
	EndGlobalSection
	GlobalSection(SolutionProperties) = preSolution
		HideSolutionNode = FALSE
	EndGlobalSection
	GlobalSection(ExtensibilityGlobals) = postSolution
		SolutionGuid = {55FB28BF-3A83-49B1-BC74-61A7D106316B}
	EndGlobalSection
EndGlobal
